
Microsoft Visual Studio Solution File, Format Version 12.00
# Visual Studio Version 17
VisualStudioVersion = 17.10.35027.167
MinimumVisualStudioVersion = 10.0.40219.1
Project("{FAE04EC0-301F-11D3-BF4B-00C04F79EFBC}") = "linq 1 (1 to 12)", "linq 1 (1 to 12)\linq 1 (1 to 12).csproj", "{0E87E54A-ACF0-44C3-9D0B-DD220D190020}"
EndProject
Global
	GlobalSection(SolutionConfigurationPlatforms) = preSolution
		Debug|Any CPU = Debug|Any CPU
		Release|Any CPU = Release|Any CPU
	EndGlobalSection
	GlobalSection(ProjectConfigurationPlatforms) = postSolution
		{0E87E54A-ACF0-44C3-9D0B-DD220D190020}.Debug|Any CPU.ActiveCfg = Debug|Any CPU
		{0E87E54A-ACF0-44C3-9D0B-DD220D190020}.Debug|Any CPU.Build.0 = Debug|Any CPU
		{0E87E54A-ACF0-44C3-9D0B-DD220D190020}.Release|Any CPU.ActiveCfg = Release|Any CPU
		{0E87E54A-ACF0-44C3-9D0B-DD220D190020}.Release|Any CPU.Build.0 = Release|Any CPU
	EndGlobalSection
	GlobalSection(SolutionProperties) = preSolution
		HideSolutionNode = FALSE
	EndGlobalSection
	GlobalSection(ExtensibilityGlobals) = postSolution
		SolutionGuid = {215A2EB6-97DA-42D7-ABCC-08E879E78C23}
	EndGlobalSection
EndGlobal
